{
  "name": "pareto-targets",
  "version": "0.0.0",
  "lockfileVersion": 3,
  "requires": true,
  "packages": {
    "": {
      "name": "pareto-targets",
      "version": "0.0.0",
      "dependencies": {
        "exupery-core-alg": "^0.1.4",
        "exupery-core-data": "^0.1.1",
        "exupery-core-dev": "^0.1.1",
        "exupery-core-resources": "^0.2.1",
        "pareto": "^0.76.4",
        "pareto-json": "^0.1.0"
      }
    },
    "node_modules/astn": {
      "version": "0.110.19",
      "resolved": "https://registry.npmjs.org/astn/-/astn-0.110.19.tgz",
      "integrity": "sha512-Ga3AShVHWlOd1abM6W8j9KaifzYeYfgHoY5eAwRZmT85ocS1UA859cvDfR48IZo1Fl1oYaLFYXLz/RTyucq+Zg==",
      "license": "Apache-2.0",
      "dependencies": {
        "exupery-core-alg": "^0.1.4",
        "exupery-core-data": "^0.1.0",
        "exupery-core-dev": "^0.1.1",
        "exupery-core-resources": "^0.2.1",
        "pareto-fountain-pen": "^0.1.3",
        "pareto-standard-operations": "^0.1.0"
      },
      "bin": {
        "astn-validate": "dist/bin/validate_astn.js"
      },
      "engines": {
        "node": ">=14.0.0"
      }
    },
    "node_modules/exupery": {
      "version": "0.1.7",
      "resolved": "https://registry.npmjs.org/exupery/-/exupery-0.1.7.tgz",
      "integrity": "sha512-6XRDTEZZ3BvKFvuoDIrVgFgA5xoMLRqOhsqPIDq38zQX06GjnfuLAPt5PqQhFRVGPRhQsWPvBmFmhyIzX2vcuA==",
      "dependencies": {
        "exupery-core-alg": "^0.1.4",
        "exupery-core-data": "^0.1.1",
        "exupery-core-dev": "^0.1.1",
        "exupery-core-resources": "^0.2.1",
        "pareto-fountain-pen": "^0.1.5",
        "pareto-standard-operations": "^0.1.0"
      }
    },
    "node_modules/exupery-core-alg": {
      "version": "0.1.4",
      "resolved": "https://registry.npmjs.org/exupery-core-alg/-/exupery-core-alg-0.1.4.tgz",
      "integrity": "sha512-VPzKIUR5MoYq0Z8vT8pZLNh2kc9/P62+tqy4J2sIQEWcEHZy/uCInRThgFhsdVOn95Rm/CHwoQxwaVHghNX/1w==",
      "license": "ISC",
      "dependencies": {
        "exupery-core-internals": "^0.1.2"
      }
    },
    "node_modules/exupery-core-data": {
      "version": "0.1.4",
      "resolved": "https://registry.npmjs.org/exupery-core-data/-/exupery-core-data-0.1.4.tgz",
      "integrity": "sha512-cz1ltbxzxTgzEzV3IzBtZa7LBiepa6736KgL8/VBntWVMIikmVgzoZ+R9jmA1BGs+Yz46r6kRwGkGBvPVv/H2w==",
      "license": "ISC",
      "dependencies": {
        "exupery-core-internals": "^0.1.2"
      }
    },
    "node_modules/exupery-core-dev": {
      "version": "0.1.1",
      "resolved": "https://registry.npmjs.org/exupery-core-dev/-/exupery-core-dev-0.1.1.tgz",
      "integrity": "sha512-skyM/gG1o3WsjwoY1hrXkvTZnmhtx6bYIiIyfFETc/JT7tQVWtipY+oExDs9SRNWWG8+hrxUMYH+oySSYpGojg==",
      "license": "ISC",
      "dependencies": {
        "exupery-core-internals": "^0.1.2"
      }
    },
    "node_modules/exupery-core-internals": {
      "version": "0.1.2",
      "resolved": "https://registry.npmjs.org/exupery-core-internals/-/exupery-core-internals-0.1.2.tgz",
      "integrity": "sha512-xwmtzAXsL9sixOq/3VQm9H6GKeGMvc/Bkzdvw+j8qlGZi+HBUh5vLnwX6qVdzP5p3KuQP08IgGj8SHtn5sPvZA==",
      "license": "ISC",
      "dependencies": {
        "exupery-core-types": "^0.1.0"
      }
    },
    "node_modules/exupery-core-resources": {
      "version": "0.2.1",
      "resolved": "https://registry.npmjs.org/exupery-core-resources/-/exupery-core-resources-0.2.1.tgz",
      "integrity": "sha512-Cw43sR3LFZFWB46/xRAnrykNeOPmZuitKom8lYe3+5nn8jg1QNwgD9gQ4pmK8MDyKLBk/xrqaJLtmXUtTlTGXw==",
      "license": "ISC",
      "dependencies": {
        "exupery-core-internals": "^0.1.2"
      }
    },
    "node_modules/exupery-core-types": {
      "version": "0.1.1",
      "resolved": "https://registry.npmjs.org/exupery-core-types/-/exupery-core-types-0.1.1.tgz",
      "integrity": "sha512-aJcZz7hkY7jOUoEb1hzAtIekL/nmeYGVmXBa4yiKMMJLpa/k/78wI9AMyHQ73pN9jgPnyrw/AG5HbCUq+Fl3rw==",
      "license": "Apache-2.0"
    },
    "node_modules/pareto": {
      "version": "0.76.8",
      "resolved": "https://registry.npmjs.org/pareto/-/pareto-0.76.8.tgz",
      "integrity": "sha512-fNp67W7uCYaTxpWwUQWH8tOZkCEaRE3m2cKTKJFBRHPgfytnk18vPWSyRXR54YH/6rAyvdNbfKHMKik9Y1FBTQ==",
      "dependencies": {
        "astn": "^0.110.19",
        "exupery": "^0.1.4",
        "exupery-core-alg": "^0.1.4",
        "exupery-core-data": "^0.1.1",
        "exupery-core-dev": "^0.1.1",
        "exupery-core-resources": "^0.2.1",
        "pareto-fountain-pen": "^0.1.5",
        "pareto-standard-operations": "^0.1.0"
      }
    },
    "node_modules/pareto-fountain-pen": {
      "version": "0.1.10",
      "resolved": "https://registry.npmjs.org/pareto-fountain-pen/-/pareto-fountain-pen-0.1.10.tgz",
      "integrity": "sha512-FPigMKhPT+IrAWPFnMqQV0y8gsXschFauI7rTeQ0WSxEFVxk01tMin1fuVjqrnaymxeuBZv64beadX2iWVI54Q==",
      "license": "Apache-2.0",
      "dependencies": {
        "exupery-core-alg": "^0.1.4",
        "exupery-core-data": "^0.1.0",
        "exupery-core-dev": "^0.1.1",
        "exupery-core-resources": "^0.2.1",
        "pareto-standard-operations": "^0.1.1"
      },
      "engines": {
        "node": ">=14.0.0"
      }
    },
    "node_modules/pareto-json": {
      "version": "0.1.1",
      "resolved": "https://registry.npmjs.org/pareto-json/-/pareto-json-0.1.1.tgz",
      "integrity": "sha512-TeF6AbpQu5uiG70vHG/VzE1C1OVMkW3B83G2aI4z3m9lZnYlIiePuM2xHB3w2VR49ploQ7TpwFilL4kuGKakuw==",
      "license": "Apache-2.0",
      "dependencies": {
        "exupery-core-alg": "^0.1.4",
        "exupery-core-data": "^0.1.0",
        "pareto-fountain-pen": "^0.1.3",
        "pareto-standard-operations": "^0.1.0"
      },
      "engines": {
        "node": ">=14.0.0"
      }
    },
    "node_modules/pareto-standard-operations": {
      "version": "0.1.1",
      "resolved": "https://registry.npmjs.org/pareto-standard-operations/-/pareto-standard-operations-0.1.1.tgz",
      "integrity": "sha512-BAepFVctXbVbcs0J66+rpCdJ30rT0UBVG5gOUx6FfmYvIjDbekXxkQXisETpIQHsoLVqJXVk8c6vMFdD+ZnJaA==",
      "dependencies": {
        "exupery-core-alg": "^0.1.4"
      }
    }
  }
}
